
Microsoft Visual Studio Solution File, Format Version 12.00
# Visual Studio Version 17
VisualStudioVersion = 17.3.32929.385
MinimumVisualStudioVersion = 10.0.40219.1
Project("{FAE04EC0-301F-11D3-BF4B-00C04F79EFBC}") = "RevitAPITrainingSelectedPipeLenth", "RevitAPITrainingSelectedPipeLenth\RevitAPITrainingSelectedPipeLenth.csproj", "{AA433F0C-3312-4128-8E50-5A4025DE71CD}"
EndProject
Global
	GlobalSection(SolutionConfigurationPlatforms) = preSolution
		Debug|Any CPU = Debug|Any CPU
		Release|Any CPU = Release|Any CPU
	EndGlobalSection
	GlobalSection(ProjectConfigurationPlatforms) = postSolution
		{AA433F0C-3312-4128-8E50-5A4025DE71CD}.Debug|Any CPU.ActiveCfg = Debug|Any CPU
		{AA433F0C-3312-4128-8E50-5A4025DE71CD}.Debug|Any CPU.Build.0 = Debug|Any CPU
		{AA433F0C-3312-4128-8E50-5A4025DE71CD}.Release|Any CPU.ActiveCfg = Release|Any CPU
		{AA433F0C-3312-4128-8E50-5A4025DE71CD}.Release|Any CPU.Build.0 = Release|Any CPU
	EndGlobalSection
	GlobalSection(SolutionProperties) = preSolution
		HideSolutionNode = FALSE
	EndGlobalSection
	GlobalSection(ExtensibilityGlobals) = postSolution
		SolutionGuid = {D83DE253-8C44-4E6A-96DB-8E92C9701FFC}
	EndGlobalSection
EndGlobal
